
Microsoft Visual Studio Solution File, Format Version 12.00
# Visual Studio 15
VisualStudioVersion = 15.0.26124.0
MinimumVisualStudioVersion = 15.0.26124.0
Project("{FAE04EC0-301F-11D3-BF4B-00C04F79EFBC}") = "Domain", "Domain\Domain.csproj", "{BFE4CF7C-4E39-4B23-9D2A-3341FE9DA81A}"
EndProject
Project("{FAE04EC0-301F-11D3-BF4B-00C04F79EFBC}") = "Application", "Application\Application.csproj", "{8A302B3F-6DEB-4B8B-84DB-0F53A357F298}"
EndProject
Project("{FAE04EC0-301F-11D3-BF4B-00C04F79EFBC}") = "Persistence", "Persistence\Persistence.csproj", "{53C8BA52-3473-4C42-973A-94E2AC89BBD0}"
EndProject
Project("{FAE04EC0-301F-11D3-BF4B-00C04F79EFBC}") = "API", "API\API.csproj", "{D4EB5900-0745-4ABF-BA39-A39673B41248}"
EndProject
Global
	GlobalSection(SolutionConfigurationPlatforms) = preSolution
		Debug|Any CPU = Debug|Any CPU
		Debug|x64 = Debug|x64
		Debug|x86 = Debug|x86
		Release|Any CPU = Release|Any CPU
		Release|x64 = Release|x64
		Release|x86 = Release|x86
	EndGlobalSection
	GlobalSection(SolutionProperties) = preSolution
		HideSolutionNode = FALSE
	EndGlobalSection
	GlobalSection(ProjectConfigurationPlatforms) = postSolution
		{BFE4CF7C-4E39-4B23-9D2A-3341FE9DA81A}.Debug|Any CPU.ActiveCfg = Debug|Any CPU
		{BFE4CF7C-4E39-4B23-9D2A-3341FE9DA81A}.Debug|Any CPU.Build.0 = Debug|Any CPU
		{BFE4CF7C-4E39-4B23-9D2A-3341FE9DA81A}.Debug|x64.ActiveCfg = Debug|Any CPU
		{BFE4CF7C-4E39-4B23-9D2A-3341FE9DA81A}.Debug|x64.Build.0 = Debug|Any CPU
		{BFE4CF7C-4E39-4B23-9D2A-3341FE9DA81A}.Debug|x86.ActiveCfg = Debug|Any CPU
		{BFE4CF7C-4E39-4B23-9D2A-3341FE9DA81A}.Debug|x86.Build.0 = Debug|Any CPU
		{BFE4CF7C-4E39-4B23-9D2A-3341FE9DA81A}.Release|Any CPU.ActiveCfg = Release|Any CPU
		{BFE4CF7C-4E39-4B23-9D2A-3341FE9DA81A}.Release|Any CPU.Build.0 = Release|Any CPU
		{BFE4CF7C-4E39-4B23-9D2A-3341FE9DA81A}.Release|x64.ActiveCfg = Release|Any CPU
		{BFE4CF7C-4E39-4B23-9D2A-3341FE9DA81A}.Release|x64.Build.0 = Release|Any CPU
		{BFE4CF7C-4E39-4B23-9D2A-3341FE9DA81A}.Release|x86.ActiveCfg = Release|Any CPU
		{BFE4CF7C-4E39-4B23-9D2A-3341FE9DA81A}.Release|x86.Build.0 = Release|Any CPU
		{8A302B3F-6DEB-4B8B-84DB-0F53A357F298}.Debug|Any CPU.ActiveCfg = Debug|Any CPU
		{8A302B3F-6DEB-4B8B-84DB-0F53A357F298}.Debug|Any CPU.Build.0 = Debug|Any CPU
		{8A302B3F-6DEB-4B8B-84DB-0F53A357F298}.Debug|x64.ActiveCfg = Debug|Any CPU
		{8A302B3F-6DEB-4B8B-84DB-0F53A357F298}.Debug|x64.Build.0 = Debug|Any CPU
		{8A302B3F-6DEB-4B8B-84DB-0F53A357F298}.Debug|x86.ActiveCfg = Debug|Any CPU
		{8A302B3F-6DEB-4B8B-84DB-0F53A357F298}.Debug|x86.Build.0 = Debug|Any CPU
		{8A302B3F-6DEB-4B8B-84DB-0F53A357F298}.Release|Any CPU.ActiveCfg = Release|Any CPU
		{8A302B3F-6DEB-4B8B-84DB-0F53A357F298}.Release|Any CPU.Build.0 = Release|Any CPU
		{8A302B3F-6DEB-4B8B-84DB-0F53A357F298}.Release|x64.ActiveCfg = Release|Any CPU
		{8A302B3F-6DEB-4B8B-84DB-0F53A357F298}.Release|x64.Build.0 = Release|Any CPU
		{8A302B3F-6DEB-4B8B-84DB-0F53A357F298}.Release|x86.ActiveCfg = Release|Any CPU
		{8A302B3F-6DEB-4B8B-84DB-0F53A357F298}.Release|x86.Build.0 = Release|Any CPU
		{53C8BA52-3473-4C42-973A-94E2AC89BBD0}.Debug|Any CPU.ActiveCfg = Debug|Any CPU
		{53C8BA52-3473-4C42-973A-94E2AC89BBD0}.Debug|Any CPU.Build.0 = Debug|Any CPU
		{53C8BA52-3473-4C42-973A-94E2AC89BBD0}.Debug|x64.ActiveCfg = Debug|Any CPU
		{53C8BA52-3473-4C42-973A-94E2AC89BBD0}.Debug|x64.Build.0 = Debug|Any CPU
		{53C8BA52-3473-4C42-973A-94E2AC89BBD0}.Debug|x86.ActiveCfg = Debug|Any CPU
		{53C8BA52-3473-4C42-973A-94E2AC89BBD0}.Debug|x86.Build.0 = Debug|Any CPU
		{53C8BA52-3473-4C42-973A-94E2AC89BBD0}.Release|Any CPU.ActiveCfg = Release|Any CPU
		{53C8BA52-3473-4C42-973A-94E2AC89BBD0}.Release|Any CPU.Build.0 = Release|Any CPU
		{53C8BA52-3473-4C42-973A-94E2AC89BBD0}.Release|x64.ActiveCfg = Release|Any CPU
		{53C8BA52-3473-4C42-973A-94E2AC89BBD0}.Release|x64.Build.0 = Release|Any CPU
		{53C8BA52-3473-4C42-973A-94E2AC89BBD0}.Release|x86.ActiveCfg = Release|Any CPU
		{53C8BA52-3473-4C42-973A-94E2AC89BBD0}.Release|x86.Build.0 = Release|Any CPU
		{D4EB5900-0745-4ABF-BA39-A39673B41248}.Debug|Any CPU.ActiveCfg = Debug|Any CPU
		{D4EB5900-0745-4ABF-BA39-A39673B41248}.Debug|Any CPU.Build.0 = Debug|Any CPU
		{D4EB5900-0745-4ABF-BA39-A39673B41248}.Debug|x64.ActiveCfg = Debug|Any CPU
		{D4EB5900-0745-4ABF-BA39-A39673B41248}.Debug|x64.Build.0 = Debug|Any CPU
		{D4EB5900-0745-4ABF-BA39-A39673B41248}.Debug|x86.ActiveCfg = Debug|Any CPU
		{D4EB5900-0745-4ABF-BA39-A39673B41248}.Debug|x86.Build.0 = Debug|Any CPU
		{D4EB5900-0745-4ABF-BA39-A39673B41248}.Release|Any CPU.ActiveCfg = Release|Any CPU
		{D4EB5900-0745-4ABF-BA39-A39673B41248}.Release|Any CPU.Build.0 = Release|Any CPU
		{D4EB5900-0745-4ABF-BA39-A39673B41248}.Release|x64.ActiveCfg = Release|Any CPU
		{D4EB5900-0745-4ABF-BA39-A39673B41248}.Release|x64.Build.0 = Release|Any CPU
		{D4EB5900-0745-4ABF-BA39-A39673B41248}.Release|x86.ActiveCfg = Release|Any CPU
		{D4EB5900-0745-4ABF-BA39-A39673B41248}.Release|x86.Build.0 = Release|Any CPU
	EndGlobalSection
EndGlobal
